// !$*UTF8*$!
{
	archiveVersion = 1;
	classes = {
	};
	objectVersion = 56;
	objects = {

/* Begin PBXBuildFile section */
		600227342A1EDB3F008DF9E5 /* RideStartedView.swift in Sources */ = {isa = PBXBuildFile; fileRef = 600227332A1EDB3F008DF9E5 /* RideStartedView.swift */; };
		600469912A1548C6002CC1E8 /* RideViewModel.swift in Sources */ = {isa = PBXBuildFile; fileRef = 600469902A1548C6002CC1E8 /* RideViewModel.swift */; };
		6085721C2A169A3C0090C609 /* RideView.swift in Sources */ = {isa = PBXBuildFile; fileRef = 6085721B2A169A3C0090C609 /* RideView.swift */; };
		6085721E2A169C8C0090C609 /* PassengerRideViewModel.swift in Sources */ = {isa = PBXBuildFile; fileRef = 6085721D2A169C8C0090C609 /* PassengerRideViewModel.swift */; };
		608572242A16BF620090C609 /* iBeaconTestingView.swift in Sources */ = {isa = PBXBuildFile; fileRef = 608572232A16BF620090C609 /* iBeaconTestingView.swift */; };
		608C189B2A149C61006925F7 /* HandiGoApp.swift in Sources */ = {isa = PBXBuildFile; fileRef = 608C189A2A149C61006925F7 /* HandiGoApp.swift */; };
		608C189D2A149C61006925F7 /* ContentView.swift in Sources */ = {isa = PBXBuildFile; fileRef = 608C189C2A149C61006925F7 /* ContentView.swift */; };
		608C189F2A149C62006925F7 /* Assets.xcassets in Resources */ = {isa = PBXBuildFile; fileRef = 608C189E2A149C62006925F7 /* Assets.xcassets */; };
		608C18A22A149C62006925F7 /* Preview Assets.xcassets in Resources */ = {isa = PBXBuildFile; fileRef = 608C18A12A149C62006925F7 /* Preview Assets.xcassets */; };
		608C18A42A149C62006925F7 /* Persistence.swift in Sources */ = {isa = PBXBuildFile; fileRef = 608C18A32A149C62006925F7 /* Persistence.swift */; };
		608C18A72A149C62006925F7 /* HandiGo.xcdatamodeld in Sources */ = {isa = PBXBuildFile; fileRef = 608C18A52A149C62006925F7 /* HandiGo.xcdatamodeld */; };
		608C18B32A14A57D006925F7 /* DriverView.swift in Sources */ = {isa = PBXBuildFile; fileRef = 608C18B22A14A57D006925F7 /* DriverView.swift */; };
		608C18B62A14A5D0006925F7 /* Models in Frameworks */ = {isa = PBXBuildFile; productRef = 608C18B52A14A5D0006925F7 /* Models */; };
		608C18B82A14ABE0006925F7 /* PassengerView.swift in Sources */ = {isa = PBXBuildFile; fileRef = 608C18B72A14ABE0006925F7 /* PassengerView.swift */; };
		608C18BA2A14ABFF006925F7 /* AcceptRideView.swift in Sources */ = {isa = PBXBuildFile; fileRef = 608C18B92A14ABFF006925F7 /* AcceptRideView.swift */; };
		608C18BE2A14AC20006925F7 /* DriverViewModel.swift in Sources */ = {isa = PBXBuildFile; fileRef = 608C18BD2A14AC20006925F7 /* DriverViewModel.swift */; };
		608C18C02A14AC2B006925F7 /* PassengerViewModel.swift in Sources */ = {isa = PBXBuildFile; fileRef = 608C18BF2A14AC2B006925F7 /* PassengerViewModel.swift */; };
		608C18C22A14AF0F006925F7 /* Utilities.swift in Sources */ = {isa = PBXBuildFile; fileRef = 608C18C12A14AF0F006925F7 /* Utilities.swift */; };
/* End PBXBuildFile section */

/* Begin PBXFileReference section */
		600227332A1EDB3F008DF9E5 /* RideStartedView.swift */ = {isa = PBXFileReference; lastKnownFileType = sourcecode.swift; path = RideStartedView.swift; sourceTree = "<group>"; };
		600469902A1548C6002CC1E8 /* RideViewModel.swift */ = {isa = PBXFileReference; lastKnownFileType = sourcecode.swift; path = RideViewModel.swift; sourceTree = "<group>"; };
		6085721B2A169A3C0090C609 /* RideView.swift */ = {isa = PBXFileReference; lastKnownFileType = sourcecode.swift; path = RideView.swift; sourceTree = "<group>"; };
		6085721D2A169C8C0090C609 /* PassengerRideViewModel.swift */ = {isa = PBXFileReference; lastKnownFileType = sourcecode.swift; path = PassengerRideViewModel.swift; sourceTree = "<group>"; };
		608572232A16BF620090C609 /* iBeaconTestingView.swift */ = {isa = PBXFileReference; lastKnownFileType = sourcecode.swift; path = iBeaconTestingView.swift; sourceTree = "<group>"; };
		608572252A16CAC10090C609 /* HandiGo.entitlements */ = {isa = PBXFileReference; lastKnownFileType = text.plist.entitlements; path = HandiGo.entitlements; sourceTree = "<group>"; };
		608C18972A149C61006925F7 /* HandiGo.app */ = {isa = PBXFileReference; explicitFileType = wrapper.application; includeInIndex = 0; path = HandiGo.app; sourceTree = BUILT_PRODUCTS_DIR; };
		608C189A2A149C61006925F7 /* HandiGoApp.swift */ = {isa = PBXFileReference; lastKnownFileType = sourcecode.swift; path = HandiGoApp.swift; sourceTree = "<group>"; };
		608C189C2A149C61006925F7 /* ContentView.swift */ = {isa = PBXFileReference; lastKnownFileType = sourcecode.swift; path = ContentView.swift; sourceTree = "<group>"; };
		608C189E2A149C62006925F7 /* Assets.xcassets */ = {isa = PBXFileReference; lastKnownFileType = folder.assetcatalog; path = Assets.xcassets; sourceTree = "<group>"; };
		608C18A12A149C62006925F7 /* Preview Assets.xcassets */ = {isa = PBXFileReference; lastKnownFileType = folder.assetcatalog; path = "Preview Assets.xcassets"; sourceTree = "<group>"; };
		608C18A32A149C62006925F7 /* Persistence.swift */ = {isa = PBXFileReference; lastKnownFileType = sourcecode.swift; path = Persistence.swift; sourceTree = "<group>"; };
		608C18A62A149C62006925F7 /* HandiGo.xcdatamodel */ = {isa = PBXFileReference; lastKnownFileType = wrapper.xcdatamodel; path = HandiGo.xcdatamodel; sourceTree = "<group>"; };
		608C18AE2A149C83006925F7 /* Backend */ = {isa = PBXFileReference; lastKnownFileType = wrapper; name = Backend; path = ../Backend; sourceTree = "<group>"; };
		608C18AF2A149C8F006925F7 /* Models */ = {isa = PBXFileReference; lastKnownFileType = wrapper; name = Models; path = ../Models; sourceTree = "<group>"; };
		608C18B22A14A57D006925F7 /* DriverView.swift */ = {isa = PBXFileReference; lastKnownFileType = sourcecode.swift; path = DriverView.swift; sourceTree = "<group>"; };
		608C18B72A14ABE0006925F7 /* PassengerView.swift */ = {isa = PBXFileReference; lastKnownFileType = sourcecode.swift; path = PassengerView.swift; sourceTree = "<group>"; };
		608C18B92A14ABFF006925F7 /* AcceptRideView.swift */ = {isa = PBXFileReference; lastKnownFileType = sourcecode.swift; path = AcceptRideView.swift; sourceTree = "<group>"; };
		608C18BD2A14AC20006925F7 /* DriverViewModel.swift */ = {isa = PBXFileReference; lastKnownFileType = sourcecode.swift; path = DriverViewModel.swift; sourceTree = "<group>"; };
		608C18BF2A14AC2B006925F7 /* PassengerViewModel.swift */ = {isa = PBXFileReference; lastKnownFileType = sourcecode.swift; path = PassengerViewModel.swift; sourceTree = "<group>"; };
		608C18C12A14AF0F006925F7 /* Utilities.swift */ = {isa = PBXFileReference; lastKnownFileType = sourcecode.swift; path = Utilities.swift; sourceTree = "<group>"; };
/* End PBXFileReference section */

/* Begin PBXFrameworksBuildPhase section */
		608C18942A149C61006925F7 /* Frameworks */ = {
			isa = PBXFrameworksBuildPhase;
			buildActionMask = 2147483647;
			files = (
				608C18B62A14A5D0006925F7 /* Models in Frameworks */,
			);
			runOnlyForDeploymentPostprocessing = 0;
		};
/* End PBXFrameworksBuildPhase section */

/* Begin PBXGroup section */
		608C188E2A149C61006925F7 = {
			isa = PBXGroup;
			children = (
				608C18AD2A149C83006925F7 /* Packages */,
				608C18992A149C61006925F7 /* HandiGo */,
				608C18982A149C61006925F7 /* Products */,
				608C18B42A14A5D0006925F7 /* Frameworks */,
			);
			sourceTree = "<group>";
		};
		608C18982A149C61006925F7 /* Products */ = {
			isa = PBXGroup;
			children = (
				608C18972A149C61006925F7 /* HandiGo.app */,
			);
			name = Products;
			sourceTree = "<group>";
		};
		608C18992A149C61006925F7 /* HandiGo */ = {
			isa = PBXGroup;
			children = (
				608572252A16CAC10090C609 /* HandiGo.entitlements */,
				608C189C2A149C61006925F7 /* ContentView.swift */,
				608C18B12A14A55F006925F7 /* ViewModels */,
				608C18B02A14A4B1006925F7 /* Views */,
				608C189A2A149C61006925F7 /* HandiGoApp.swift */,
				608C189E2A149C62006925F7 /* Assets.xcassets */,
				608C18A32A149C62006925F7 /* Persistence.swift */,
				608C18A52A149C62006925F7 /* HandiGo.xcdatamodeld */,
				608C18A02A149C62006925F7 /* Preview Content */,
				608C18C12A14AF0F006925F7 /* Utilities.swift */,
			);
			path = HandiGo;
			sourceTree = "<group>";
		};
		608C18A02A149C62006925F7 /* Preview Content */ = {
			isa = PBXGroup;
			children = (
				608C18A12A149C62006925F7 /* Preview Assets.xcassets */,
			);
			path = "Preview Content";
			sourceTree = "<group>";
		};
		608C18AD2A149C83006925F7 /* Packages */ = {
			isa = PBXGroup;
			children = (
				608C18AE2A149C83006925F7 /* Backend */,
				608C18AF2A149C8F006925F7 /* Models */,
			);
			name = Packages;
			sourceTree = "<group>";
		};
		608C18B02A14A4B1006925F7 /* Views */ = {
			isa = PBXGroup;
			children = (
				608C18B22A14A57D006925F7 /* DriverView.swift */,
				608C18B72A14ABE0006925F7 /* PassengerView.swift */,
				608C18B92A14ABFF006925F7 /* AcceptRideView.swift */,
				6085721B2A169A3C0090C609 /* RideView.swift */,
				608572232A16BF620090C609 /* iBeaconTestingView.swift */,
				600227332A1EDB3F008DF9E5 /* RideStartedView.swift */,
			);
			path = Views;
			sourceTree = "<group>";
		};
		608C18B12A14A55F006925F7 /* ViewModels */ = {
			isa = PBXGroup;
			children = (
				608C18BD2A14AC20006925F7 /* DriverViewModel.swift */,
				608C18BF2A14AC2B006925F7 /* PassengerViewModel.swift */,
				600469902A1548C6002CC1E8 /* RideViewModel.swift */,
				6085721D2A169C8C0090C609 /* PassengerRideViewModel.swift */,
			);
			path = ViewModels;
			sourceTree = "<group>";
		};
		608C18B42A14A5D0006925F7 /* Frameworks */ = {
			isa = PBXGroup;
			children = (
			);
			name = Frameworks;
			sourceTree = "<group>";
		};
/* End PBXGroup section */

/* Begin PBXNativeTarget section */
		608C18962A149C61006925F7 /* HandiGo */ = {
			isa = PBXNativeTarget;
			buildConfigurationList = 608C18AA2A149C62006925F7 /* Build configuration list for PBXNativeTarget "HandiGo" */;
			buildPhases = (
				608C18932A149C61006925F7 /* Sources */,
				608C18942A149C61006925F7 /* Frameworks */,
				608C18952A149C61006925F7 /* Resources */,
			);
			buildRules = (
			);
			dependencies = (
			);
			name = HandiGo;
			packageProductDependencies = (
				608C18B52A14A5D0006925F7 /* Models */,
			);
			productName = HandiGo;
			productReference = 608C18972A149C61006925F7 /* HandiGo.app */;
			productType = "com.apple.product-type.application";
		};
/* End PBXNativeTarget section */

/* Begin PBXProject section */
		608C188F2A149C61006925F7 /* Project object */ = {
			isa = PBXProject;
			attributes = {
				BuildIndependentTargetsInParallel = 1;
				LastSwiftUpdateCheck = 1430;
				LastUpgradeCheck = 1430;
				TargetAttributes = {
					608C18962A149C61006925F7 = {
						CreatedOnToolsVersion = 14.3;
					};
				};
			};
			buildConfigurationList = 608C18922A149C61006925F7 /* Build configuration list for PBXProject "HandiGo" */;
			compatibilityVersion = "Xcode 14.0";
			developmentRegion = en;
			hasScannedForEncodings = 0;
			knownRegions = (
				en,
				Base,
			);
			mainGroup = 608C188E2A149C61006925F7;
			productRefGroup = 608C18982A149C61006925F7 /* Products */;
			projectDirPath = "";
			projectRoot = "";
			targets = (
				608C18962A149C61006925F7 /* HandiGo */,
			);
		};
/* End PBXProject section */

/* Begin PBXResourcesBuildPhase section */
		608C18952A149C61006925F7 /* Resources */ = {
			isa = PBXResourcesBuildPhase;
			buildActionMask = 2147483647;
			files = (
				608C18A22A149C62006925F7 /* Preview Assets.xcassets in Resources */,
				608C189F2A149C62006925F7 /* Assets.xcassets in Resources */,
			);
			runOnlyForDeploymentPostprocessing = 0;
		};
/* End PBXResourcesBuildPhase section */

/* Begin PBXSourcesBuildPhase section */
		608C18932A149C61006925F7 /* Sources */ = {
			isa = PBXSourcesBuildPhase;
			buildActionMask = 2147483647;
			files = (
				608C18BA2A14ABFF006925F7 /* AcceptRideView.swift in Sources */,
				608C18C02A14AC2B006925F7 /* PassengerViewModel.swift in Sources */,
				6085721C2A169A3C0090C609 /* RideView.swift in Sources */,
				600469912A1548C6002CC1E8 /* RideViewModel.swift in Sources */,
				6085721E2A169C8C0090C609 /* PassengerRideViewModel.swift in Sources */,
				608572242A16BF620090C609 /* iBeaconTestingView.swift in Sources */,
				608C18C22A14AF0F006925F7 /* Utilities.swift in Sources */,
				600227342A1EDB3F008DF9E5 /* RideStartedView.swift in Sources */,
				608C18A42A149C62006925F7 /* Persistence.swift in Sources */,
				608C18B82A14ABE0006925F7 /* PassengerView.swift in Sources */,
				608C18BE2A14AC20006925F7 /* DriverViewModel.swift in Sources */,
				608C189D2A149C61006925F7 /* ContentView.swift in Sources */,
				608C18B32A14A57D006925F7 /* DriverView.swift in Sources */,
				608C18A72A149C62006925F7 /* HandiGo.xcdatamodeld in Sources */,
				608C189B2A149C61006925F7 /* HandiGoApp.swift in Sources */,
			);
			runOnlyForDeploymentPostprocessing = 0;
		};
/* End PBXSourcesBuildPhase section */

/* Begin XCBuildConfiguration section */
		608C18A82A149C62006925F7 /* Debug */ = {
			isa = XCBuildConfiguration;
			buildSettings = {
				ALWAYS_SEARCH_USER_PATHS = NO;
				CLANG_ANALYZER_NONNULL = YES;
				CLANG_ANALYZER_NUMBER_OBJECT_CONVERSION = YES_AGGRESSIVE;
				CLANG_CXX_LANGUAGE_STANDARD = "gnu++20";
				CLANG_ENABLE_MODULES = YES;
				CLANG_ENABLE_OBJC_ARC = YES;
				CLANG_ENABLE_OBJC_WEAK = YES;
				CLANG_WARN_BLOCK_CAPTURE_AUTORELEASING = YES;
				CLANG_WARN_BOOL_CONVERSION = YES;
				CLANG_WARN_COMMA = YES;
				CLANG_WARN_CONSTANT_CONVERSION = YES;
				CLANG_WARN_DEPRECATED_OBJC_IMPLEMENTATIONS = YES;
				CLANG_WARN_DIRECT_OBJC_ISA_USAGE = YES_ERROR;
				CLANG_WARN_DOCUMENTATION_COMMENTS = YES;
				CLANG_WARN_EMPTY_BODY = YES;
				CLANG_WARN_ENUM_CONVERSION = YES;
				CLANG_WARN_INFINITE_RECURSION = YES;
				CLANG_WARN_INT_CONVERSION = YES;
				CLANG_WARN_NON_LITERAL_NULL_CONVERSION = YES;
				CLANG_WARN_OBJC_IMPLICIT_RETAIN_SELF = YES;
				CLANG_WARN_OBJC_LITERAL_CONVERSION = YES;
				CLANG_WARN_OBJC_ROOT_CLASS = YES_ERROR;
				CLANG_WARN_QUOTED_INCLUDE_IN_FRAMEWORK_HEADER = YES;
				CLANG_WARN_RANGE_LOOP_ANALYSIS = YES;
				CLANG_WARN_STRICT_PROTOTYPES = YES;
				CLANG_WARN_SUSPICIOUS_MOVE = YES;
				CLANG_WARN_UNGUARDED_AVAILABILITY = YES_AGGRESSIVE;
				CLANG_WARN_UNREACHABLE_CODE = YES;
				CLANG_WARN__DUPLICATE_METHOD_MATCH = YES;
				COPY_PHASE_STRIP = NO;
				DEBUG_INFORMATION_FORMAT = dwarf;
				ENABLE_STRICT_OBJC_MSGSEND = YES;
				ENABLE_TESTABILITY = YES;
				GCC_C_LANGUAGE_STANDARD = gnu11;
				GCC_DYNAMIC_NO_PIC = NO;
				GCC_NO_COMMON_BLOCKS = YES;
				GCC_OPTIMIZATION_LEVEL = 0;
				GCC_PREPROCESSOR_DEFINITIONS = (
					"DEBUG=1",
					"$(inherited)",
				);
				GCC_WARN_64_TO_32_BIT_CONVERSION = YES;
				GCC_WARN_ABOUT_RETURN_TYPE = YES_ERROR;
				GCC_WARN_UNDECLARED_SELECTOR = YES;
				GCC_WARN_UNINITIALIZED_AUTOS = YES_AGGRESSIVE;
				GCC_WARN_UNUSED_FUNCTION = YES;
				GCC_WARN_UNUSED_VARIABLE = YES;
				IPHONEOS_DEPLOYMENT_TARGET = 16.0;
				MTL_ENABLE_DEBUG_INFO = INCLUDE_SOURCE;
				MTL_FAST_MATH = YES;
				ONLY_ACTIVE_ARCH = YES;
				SDKROOT = iphoneos;
				SWIFT_ACTIVE_COMPILATION_CONDITIONS = DEBUG;
				SWIFT_OPTIMIZATION_LEVEL = "-Onone";
			};
			name = Debug;
		};
		608C18A92A149C62006925F7 /* Release */ = {
			isa = XCBuildConfiguration;
			buildSettings = {
				ALWAYS_SEARCH_USER_PATHS = NO;
				CLANG_ANALYZER_NONNULL = YES;
				CLANG_ANALYZER_NUMBER_OBJECT_CONVERSION = YES_AGGRESSIVE;
				CLANG_CXX_LANGUAGE_STANDARD = "gnu++20";
				CLANG_ENABLE_MODULES = YES;
				CLANG_ENABLE_OBJC_ARC = YES;
				CLANG_ENABLE_OBJC_WEAK = YES;
				CLANG_WARN_BLOCK_CAPTURE_AUTORELEASING = YES;
				CLANG_WARN_BOOL_CONVERSION = YES;
				CLANG_WARN_COMMA = YES;
				CLANG_WARN_CONSTANT_CONVERSION = YES;
				CLANG_WARN_DEPRECATED_OBJC_IMPLEMENTATIONS = YES;
				CLANG_WARN_DIRECT_OBJC_ISA_USAGE = YES_ERROR;
				CLANG_WARN_DOCUMENTATION_COMMENTS = YES;
				CLANG_WARN_EMPTY_BODY = YES;
				CLANG_WARN_ENUM_CONVERSION = YES;
				CLANG_WARN_INFINITE_RECURSION = YES;
				CLANG_WARN_INT_CONVERSION = YES;
				CLANG_WARN_NON_LITERAL_NULL_CONVERSION = YES;
				CLANG_WARN_OBJC_IMPLICIT_RETAIN_SELF = YES;
				CLANG_WARN_OBJC_LITERAL_CONVERSION = YES;
				CLANG_WARN_OBJC_ROOT_CLASS = YES_ERROR;
				CLANG_WARN_QUOTED_INCLUDE_IN_FRAMEWORK_HEADER = YES;
				CLANG_WARN_RANGE_LOOP_ANALYSIS = YES;
				CLANG_WARN_STRICT_PROTOTYPES = YES;
				CLANG_WARN_SUSPICIOUS_MOVE = YES;
				CLANG_WARN_UNGUARDED_AVAILABILITY = YES_AGGRESSIVE;
				CLANG_WARN_UNREACHABLE_CODE = YES;
				CLANG_WARN__DUPLICATE_METHOD_MATCH = YES;
				COPY_PHASE_STRIP = NO;
				DEBUG_INFORMATION_FORMAT = "dwarf-with-dsym";
				ENABLE_NS_ASSERTIONS = NO;
				ENABLE_STRICT_OBJC_MSGSEND = YES;
				GCC_C_LANGUAGE_STANDARD = gnu11;
				GCC_NO_COMMON_BLOCKS = YES;
				GCC_WARN_64_TO_32_BIT_CONVERSION = YES;
				GCC_WARN_ABOUT_RETURN_TYPE = YES_ERROR;
				GCC_WARN_UNDECLARED_SELECTOR = YES;
				GCC_WARN_UNINITIALIZED_AUTOS = YES_AGGRESSIVE;
				GCC_WARN_UNUSED_FUNCTION = YES;
				GCC_WARN_UNUSED_VARIABLE = YES;
				IPHONEOS_DEPLOYMENT_TARGET = 16.0;
				MTL_ENABLE_DEBUG_INFO = NO;
				MTL_FAST_MATH = YES;
				SDKROOT = iphoneos;
				SWIFT_COMPILATION_MODE = wholemodule;
				SWIFT_OPTIMIZATION_LEVEL = "-O";
				VALIDATE_PRODUCT = YES;
			};
			name = Release;
		};
		608C18AB2A149C62006925F7 /* Debug */ = {
			isa = XCBuildConfiguration;
			buildSettings = {
				ASSETCATALOG_COMPILER_APPICON_NAME = AppIcon;
				ASSETCATALOG_COMPILER_GLOBAL_ACCENT_COLOR_NAME = AccentColor;
				CODE_SIGN_ENTITLEMENTS = HandiGo/HandiGo.entitlements;
				CODE_SIGN_STYLE = Automatic;
				CURRENT_PROJECT_VERSION = 1;
				DEVELOPMENT_ASSET_PATHS = "\"HandiGo/Preview Content\"";
				DEVELOPMENT_TEAM = 7SJGAHRN7B;
				ENABLE_PREVIEWS = YES;
				GENERATE_INFOPLIST_FILE = YES;
				INFOPLIST_KEY_NSBluetoothAlwaysUsageDescription = "We need Bluetooth access to advertise the device as a beacon";
				INFOPLIST_KEY_NSBluetoothPeripheralUsageDescription = "We need Bluetooth access to advertise the device as a beacon";
				INFOPLIST_KEY_NSLocationWhenInUseUsageDescription = "Using location to determine passenger distance from driver";
				INFOPLIST_KEY_UIApplicationSceneManifest_Generation = YES;
				INFOPLIST_KEY_UIApplicationSupportsIndirectInputEvents = YES;
				INFOPLIST_KEY_UILaunchScreen_Generation = YES;
				INFOPLIST_KEY_UISupportedInterfaceOrientations_iPad = "UIInterfaceOrientationPortrait UIInterfaceOrientationPortraitUpsideDown UIInterfaceOrientationLandscapeLeft UIInterfaceOrientationLandscapeRight";
				INFOPLIST_KEY_UISupportedInterfaceOrientations_iPhone = "UIInterfaceOrientationPortrait UIInterfaceOrientationLandscapeLeft UIInterfaceOrientationLandscapeRight";
				IPHONEOS_DEPLOYMENT_TARGET = 16.0;
				LD_RUNPATH_SEARCH_PATHS = (
					"$(inherited)",
					"@executable_path/Frameworks",
				);
				MARKETING_VERSION = 1.0;
				PRODUCT_BUNDLE_IDENTIFIER = SOJ.HandiGo;
				PRODUCT_NAME = "$(TARGET_NAME)";
				SWIFT_EMIT_LOC_STRINGS = YES;
				SWIFT_VERSION = 5.0;
				TARGETED_DEVICE_FAMILY = "1,2";
			};
			name = Debug;
		};
		608C18AC2A149C62006925F7 /* Release */ = {
			isa = XCBuildConfiguration;
			buildSettings = {
				ASSETCATALOG_COMPILER_APPICON_NAME = AppIcon;
				ASSETCATALOG_COMPILER_GLOBAL_ACCENT_COLOR_NAME = AccentColor;
				CODE_SIGN_ENTITLEMENTS = HandiGo/HandiGo.entitlements;
				CODE_SIGN_STYLE = Automatic;
				CURRENT_PROJECT_VERSION = 1;
				DEVELOPMENT_ASSET_PATHS = "\"HandiGo/Preview Content\"";
				DEVELOPMENT_TEAM = 7SJGAHRN7B;
				ENABLE_PREVIEWS = YES;
				GENERATE_INFOPLIST_FILE = YES;
				INFOPLIST_KEY_NSBluetoothAlwaysUsageDescription = "We need Bluetooth access to advertise the device as a beacon";
				INFOPLIST_KEY_NSBluetoothPeripheralUsageDescription = "We need Bluetooth access to advertise the device as a beacon";
				INFOPLIST_KEY_NSLocationWhenInUseUsageDescription = "Using location to determine passenger distance from driver";
				INFOPLIST_KEY_UIApplicationSceneManifest_Generation = YES;
				INFOPLIST_KEY_UIApplicationSupportsIndirectInputEvents = YES;
				INFOPLIST_KEY_UILaunchScreen_Generation = YES;
				INFOPLIST_KEY_UISupportedInterfaceOrientations_iPad = "UIInterfaceOrientationPortrait UIInterfaceOrientationPortraitUpsideDown UIInterfaceOrientationLandscapeLeft UIInterfaceOrientationLandscapeRight";
				INFOPLIST_KEY_UISupportedInterfaceOrientations_iPhone = "UIInterfaceOrientationPortrait UIInterfaceOrientationLandscapeLeft UIInterfaceOrientationLandscapeRight";
				IPHONEOS_DEPLOYMENT_TARGET = 16.0;
				LD_RUNPATH_SEARCH_PATHS = (
					"$(inherited)",
					"@executable_path/Frameworks",
				);
				MARKETING_VERSION = 1.0;
				PRODUCT_BUNDLE_IDENTIFIER = SOJ.HandiGo;
				PRODUCT_NAME = "$(TARGET_NAME)";
				SWIFT_EMIT_LOC_STRINGS = YES;
				SWIFT_VERSION = 5.0;
				TARGETED_DEVICE_FAMILY = "1,2";
			};
			name = Release;
		};
/* End XCBuildConfiguration section */

/* Begin XCConfigurationList section */
		608C18922A149C61006925F7 /* Build configuration list for PBXProject "HandiGo" */ = {
			isa = XCConfigurationList;
			buildConfigurations = (
				608C18A82A149C62006925F7 /* Debug */,
				608C18A92A149C62006925F7 /* Release */,
			);
			defaultConfigurationIsVisible = 0;
			defaultConfigurationName = Release;
		};
		608C18AA2A149C62006925F7 /* Build configuration list for PBXNativeTarget "HandiGo" */ = {
			isa = XCConfigurationList;
			buildConfigurations = (
				608C18AB2A149C62006925F7 /* Debug */,
				608C18AC2A149C62006925F7 /* Release */,
			);
			defaultConfigurationIsVisible = 0;
			defaultConfigurationName = Release;
		};
/* End XCConfigurationList section */

/* Begin XCSwiftPackageProductDependency section */
		608C18B52A14A5D0006925F7 /* Models */ = {
			isa = XCSwiftPackageProductDependency;
			productName = Models;
		};
/* End XCSwiftPackageProductDependency section */

/* Begin XCVersionGroup section */
		608C18A52A149C62006925F7 /* HandiGo.xcdatamodeld */ = {
			isa = XCVersionGroup;
			children = (
				608C18A62A149C62006925F7 /* HandiGo.xcdatamodel */,
			);
			currentVersion = 608C18A62A149C62006925F7 /* HandiGo.xcdatamodel */;
			path = HandiGo.xcdatamodeld;
			sourceTree = "<group>";
			versionGroupType = wrapper.xcdatamodel;
		};
/* End XCVersionGroup section */
	};
	rootObject = 608C188F2A149C61006925F7 /* Project object */;
}
